{
  "version": 4,
  "terraform_version": "1.14.8",
  "serial": 1,
  "lineage": "a9d3d267-c552-7341-b62e-56df4f65a2b1",
  "outputs": {
    "instructions_service_account_admin": {
      "value": "Deploiement complet termine.\nSi une erreur IAM apparait pendant la phase complete, verifiez que jccharbo1@gmail.com est bien Owner du projet mix-energie-gcp10-492212 puis relancez la commande.",
      "type": "string"
    }
  },
  "resources": [
    {
      "mode": "managed",
      "type": "google_project",
      "name": "mix_energie_gcp",
      "provider": "provider[\"registry.terraform.io/hashicorp/google\"]",
      "instances": [
        {
          "status": "tainted",
          "schema_version": 1,
          "attributes": {
            "auto_create_network": true,
            "billing_account": "",
            "effective_labels": null,
            "folder_id": null,
            "id": "projects/mix-energie-gcp10-492212",
            "labels": null,
            "name": "mix-energie-gcp10",
            "number": null,
            "org_id": "1064330306973",
            "project_id": "mix-energie-gcp10-492212",
            "skip_delete": null,
            "terraform_labels": null,
            "timeouts": null
          },
          "sensitive_attributes": [],
          "identity_schema_version": 0,
          "private": "eyJlMmJmYjczMC1lY2FhLTExZTYtOGY4OC0zNDM2M2JjN2M0YzAiOnsiY3JlYXRlIjo2MDAwMDAwMDAwMDAsImRlbGV0ZSI6NjAwMDAwMDAwMDAwLCJyZWFkIjo2MDAwMDAwMDAwMDAsInVwZGF0ZSI6NjAwMDAwMDAwMDAwfSwic2NoZW1hX3ZlcnNpb24iOiIxIn0="
        }
      ]
    }
  ],
  "check_results": null
}
