{
  "version": 4,
  "terraform_version": "1.14.8",
  "serial": 41,
  "lineage": "a9d3d267-c552-7341-b62e-56df4f65a2b1",
  "outputs": {
    "instructions_service_account_admin": {
      "value": "Deploiement complet termine.\nSi une erreur IAM apparait pendant la phase complete, verifiez que jccharbo1@gmail.com est bien Owner du projet mix-energie-gcp11-492212 puis relancez la commande.",
      "type": "string"
    }
  },
  "resources": [
    {
      "mode": "managed",
      "type": "google_artifact_registry_repository",
      "name": "docker",
      "provider": "provider[\"registry.terraform.io/hashicorp/google\"]",
      "instances": [
        {
          "index_key": 0,
          "schema_version": 0,
          "attributes": {
            "cleanup_policies": [],
            "cleanup_policy_dry_run": false,
            "create_time": "2026-04-10T15:02:15.939553Z",
            "description": "Depot Artifact Registry pour les images Docker du projet.",
            "docker_config": [],
            "effective_labels": {},
            "format": "DOCKER",
            "id": "projects/mix-energie-gcp11-492212/locations/europe-west1/repositories/mix-energie-docker",
            "kms_key_name": "",
            "labels": {},
            "location": "europe-west1",
            "maven_config": [],
            "mode": "STANDARD_REPOSITORY",
            "name": "mix-energie-docker",
            "project": "mix-energie-gcp11-492212",
            "remote_repository_config": [],
            "repository_id": "mix-energie-docker",
            "terraform_labels": {},
            "timeouts": null,
            "update_time": "2026-04-10T15:02:15.939553Z",
            "virtual_repository_config": []
          },
          "sensitive_attributes": [],
          "identity_schema_version": 0,
          "private": "eyJlMmJmYjczMC1lY2FhLTExZTYtOGY4OC0zNDM2M2JjN2M0YzAiOnsiY3JlYXRlIjoxMjAwMDAwMDAwMDAwLCJkZWxldGUiOjEyMDAwMDAwMDAwMDAsInVwZGF0ZSI6MTIwMDAwMDAwMDAwMH0sInNjaGVtYV92ZXJzaW9uIjoiMCJ9"
        }
      ]
    },
    {
      "mode": "managed",
      "type": "google_artifact_registry_repository",
      "name": "standard",
      "provider": "provider[\"registry.terraform.io/hashicorp/google\"]",
      "instances": [
        {
          "index_key": 0,
          "schema_version": 0,
          "attributes": {
            "cleanup_policies": [],
            "cleanup_policy_dry_run": false,
            "create_time": "2026-04-10T15:02:15.206286Z",
            "description": "Depot Artifact Registry Python pour les packages du projet.",
            "docker_config": [],
            "effective_labels": {},
            "format": "PYTHON",
            "id": "projects/mix-energie-gcp11-492212/locations/europe-west1/repositories/mix-energie-python",
            "kms_key_name": "",
            "labels": {},
            "location": "europe-west1",
            "maven_config": [],
            "mode": "STANDARD_REPOSITORY",
            "name": "mix-energie-python",
            "project": "mix-energie-gcp11-492212",
            "remote_repository_config": [],
            "repository_id": "mix-energie-python",
            "terraform_labels": {},
            "timeouts": null,
            "update_time": "2026-04-10T15:02:15.206286Z",
            "virtual_repository_config": []
          },
          "sensitive_attributes": [],
          "identity_schema_version": 0,
          "private": "eyJlMmJmYjczMC1lY2FhLTExZTYtOGY4OC0zNDM2M2JjN2M0YzAiOnsiY3JlYXRlIjoxMjAwMDAwMDAwMDAwLCJkZWxldGUiOjEyMDAwMDAwMDAwMDAsInVwZGF0ZSI6MTIwMDAwMDAwMDAwMH0sInNjaGVtYV92ZXJzaW9uIjoiMCJ9"
        }
      ]
    },
    {
      "mode": "managed",
      "type": "google_bigquery_dataset",
      "name": "dev_mix_energie_dataset",
      "provider": "provider[\"registry.terraform.io/hashicorp/google\"]",
      "instances": [
        {
          "index_key": 0,
          "schema_version": 0,
          "attributes": {
            "access": [
              {
                "dataset": [],
                "domain": "",
                "group_by_email": "",
                "iam_member": "",
                "role": "OWNER",
                "routine": [],
                "special_group": "",
                "user_by_email": "jccharbo1@gmail.com",
                "view": []
              },
              {
                "dataset": [],
                "domain": "",
                "group_by_email": "",
                "iam_member": "",
                "role": "OWNER",
                "routine": [],
                "special_group": "projectOwners",
                "user_by_email": "",
                "view": []
              },
              {
                "dataset": [],
                "domain": "",
                "group_by_email": "",
                "iam_member": "",
                "role": "READER",
                "routine": [],
                "special_group": "projectReaders",
                "user_by_email": "",
                "view": []
              },
              {
                "dataset": [],
                "domain": "",
                "group_by_email": "",
                "iam_member": "",
                "role": "WRITER",
                "routine": [],
                "special_group": "projectWriters",
                "user_by_email": "",
                "view": []
              }
            ],
            "creation_time": 1775833322946,
            "dataset_id": "dev_mix_energie",
            "default_collation": "",
            "default_encryption_configuration": [],
            "default_partition_expiration_ms": 0,
            "default_table_expiration_ms": 0,
            "delete_contents_on_destroy": false,
            "description": "Dataset de dev bronze pour le projet mix-energie.",
            "effective_labels": {},
            "etag": "0lMKz3782ZX62EMhpMSYzA==",
            "friendly_name": "dev-mix-energie",
            "id": "projects/mix-energie-gcp11-492212/datasets/dev_mix_energie",
            "is_case_insensitive": false,
            "labels": {},
            "last_modified_time": 1775833322946,
            "location": "EU",
            "max_time_travel_hours": "168",
            "project": "mix-energie-gcp11-492212",
            "self_link": "https://bigquery.googleapis.com/bigquery/v2/projects/mix-energie-gcp11-492212/datasets/dev_mix_energie",
            "storage_billing_model": "",
            "terraform_labels": {},
            "timeouts": null
          },
          "sensitive_attributes": [],
          "identity_schema_version": 0,
          "private": "eyJlMmJmYjczMC1lY2FhLTExZTYtOGY4OC0zNDM2M2JjN2M0YzAiOnsiY3JlYXRlIjoxMjAwMDAwMDAwMDAwLCJkZWxldGUiOjEyMDAwMDAwMDAwMDAsInVwZGF0ZSI6MTIwMDAwMDAwMDAwMH0sInNjaGVtYV92ZXJzaW9uIjoiMCJ9"
        }
      ]
    },
    {
      "mode": "managed",
      "type": "google_bigquery_dataset",
      "name": "dev_mix_energie_gold_dataset",
      "provider": "provider[\"registry.terraform.io/hashicorp/google\"]",
      "instances": [
        {
          "index_key": 0,
          "schema_version": 0,
          "attributes": {
            "access": [
              {
                "dataset": [],
                "domain": "",
                "group_by_email": "",
                "iam_member": "",
                "role": "OWNER",
                "routine": [],
                "special_group": "",
                "user_by_email": "jccharbo1@gmail.com",
                "view": []
              },
              {
                "dataset": [],
                "domain": "",
                "group_by_email": "",
                "iam_member": "",
                "role": "OWNER",
                "routine": [],
                "special_group": "projectOwners",
                "user_by_email": "",
                "view": []
              },
              {
                "dataset": [],
                "domain": "",
                "group_by_email": "",
                "iam_member": "",
                "role": "READER",
                "routine": [],
                "special_group": "projectReaders",
                "user_by_email": "",
                "view": []
              },
              {
                "dataset": [],
                "domain": "",
                "group_by_email": "",
                "iam_member": "",
                "role": "WRITER",
                "routine": [],
                "special_group": "projectWriters",
                "user_by_email": "",
                "view": []
              }
            ],
            "creation_time": 1775833323040,
            "dataset_id": "dev_mix_energie_gold",
            "default_collation": "",
            "default_encryption_configuration": [],
            "default_partition_expiration_ms": 0,
            "default_table_expiration_ms": 0,
            "delete_contents_on_destroy": false,
            "description": "Dataset de dev gold pour le projet mix-energie.",
            "effective_labels": {},
            "etag": "kIz4t41jbfG6s6oLI55bVA==",
            "friendly_name": "dev-mix-energie-gold",
            "id": "projects/mix-energie-gcp11-492212/datasets/dev_mix_energie_gold",
            "is_case_insensitive": false,
            "labels": {},
            "last_modified_time": 1775833323040,
            "location": "EU",
            "max_time_travel_hours": "168",
            "project": "mix-energie-gcp11-492212",
            "self_link": "https://bigquery.googleapis.com/bigquery/v2/projects/mix-energie-gcp11-492212/datasets/dev_mix_energie_gold",
            "storage_billing_model": "",
            "terraform_labels": {},
            "timeouts": null
          },
          "sensitive_attributes": [],
          "identity_schema_version": 0,
          "private": "eyJlMmJmYjczMC1lY2FhLTExZTYtOGY4OC0zNDM2M2JjN2M0YzAiOnsiY3JlYXRlIjoxMjAwMDAwMDAwMDAwLCJkZWxldGUiOjEyMDAwMDAwMDAwMDAsInVwZGF0ZSI6MTIwMDAwMDAwMDAwMH0sInNjaGVtYV92ZXJzaW9uIjoiMCJ9"
        }
      ]
    },
    {
      "mode": "managed",
      "type": "google_bigquery_dataset",
      "name": "dev_mix_energie_silver_dataset",
      "provider": "provider[\"registry.terraform.io/hashicorp/google\"]",
      "instances": [
        {
          "index_key": 0,
          "schema_version": 0,
          "attributes": {
            "access": [
              {
                "dataset": [],
                "domain": "",
                "group_by_email": "",
                "iam_member": "",
                "role": "OWNER",
                "routine": [],
                "special_group": "",
                "user_by_email": "jccharbo1@gmail.com",
                "view": []
              },
              {
                "dataset": [],
                "domain": "",
                "group_by_email": "",
                "iam_member": "",
                "role": "OWNER",
                "routine": [],
                "special_group": "projectOwners",
                "user_by_email": "",
                "view": []
              },
              {
                "dataset": [],
                "domain": "",
                "group_by_email": "",
                "iam_member": "",
                "role": "READER",
                "routine": [],
                "special_group": "projectReaders",
                "user_by_email": "",
                "view": []
              },
              {
                "dataset": [],
                "domain": "",
                "group_by_email": "",
                "iam_member": "",
                "role": "WRITER",
                "routine": [],
                "special_group": "projectWriters",
                "user_by_email": "",
                "view": []
              }
            ],
            "creation_time": 1775833322960,
            "dataset_id": "dev_mix_energie_silver",
            "default_collation": "",
            "default_encryption_configuration": [],
            "default_partition_expiration_ms": 0,
            "default_table_expiration_ms": 0,
            "delete_contents_on_destroy": false,
            "description": "Dataset de dev silver pour le projet mix-energie.",
            "effective_labels": {},
            "etag": "TKF2o7VIQWZguG5JPQ9WVg==",
            "friendly_name": "dev-mix-energie-silver",
            "id": "projects/mix-energie-gcp11-492212/datasets/dev_mix_energie_silver",
            "is_case_insensitive": false,
            "labels": {},
            "last_modified_time": 1775833322960,
            "location": "EU",
            "max_time_travel_hours": "168",
            "project": "mix-energie-gcp11-492212",
            "self_link": "https://bigquery.googleapis.com/bigquery/v2/projects/mix-energie-gcp11-492212/datasets/dev_mix_energie_silver",
            "storage_billing_model": "",
            "terraform_labels": {},
            "timeouts": null
          },
          "sensitive_attributes": [],
          "identity_schema_version": 0,
          "private": "eyJlMmJmYjczMC1lY2FhLTExZTYtOGY4OC0zNDM2M2JjN2M0YzAiOnsiY3JlYXRlIjoxMjAwMDAwMDAwMDAwLCJkZWxldGUiOjEyMDAwMDAwMDAwMDAsInVwZGF0ZSI6MTIwMDAwMDAwMDAwMH0sInNjaGVtYV92ZXJzaW9uIjoiMCJ9"
        }
      ]
    },
    {
      "mode": "managed",
      "type": "google_bigquery_dataset",
      "name": "prod_mix_energie_dataset",
      "provider": "provider[\"registry.terraform.io/hashicorp/google\"]",
      "instances": [
        {
          "index_key": 0,
          "schema_version": 0,
          "attributes": {
            "access": [
              {
                "dataset": [],
                "domain": "",
                "group_by_email": "",
                "iam_member": "",
                "role": "OWNER",
                "routine": [],
                "special_group": "",
                "user_by_email": "jccharbo1@gmail.com",
                "view": []
              },
              {
                "dataset": [],
                "domain": "",
                "group_by_email": "",
                "iam_member": "",
                "role": "OWNER",
                "routine": [],
                "special_group": "projectOwners",
                "user_by_email": "",
                "view": []
              },
              {
                "dataset": [],
                "domain": "",
                "group_by_email": "",
                "iam_member": "",
                "role": "READER",
                "routine": [],
                "special_group": "projectReaders",
                "user_by_email": "",
                "view": []
              },
              {
                "dataset": [],
                "domain": "",
                "group_by_email": "",
                "iam_member": "",
                "role": "WRITER",
                "routine": [],
                "special_group": "projectWriters",
                "user_by_email": "",
                "view": []
              }
            ],
            "creation_time": 1775833323000,
            "dataset_id": "prod_mix_energie",
            "default_collation": "",
            "default_encryption_configuration": [],
            "default_partition_expiration_ms": 0,
            "default_table_expiration_ms": 0,
            "delete_contents_on_destroy": false,
            "description": "Dataset de prod bronze pour le projet mix-energie.",
            "effective_labels": {},
            "etag": "JtpDQ6OEc5Zw7ki71ukVgw==",
            "friendly_name": "prod-mix-energie",
            "id": "projects/mix-energie-gcp11-492212/datasets/prod_mix_energie",
            "is_case_insensitive": false,
            "labels": {},
            "last_modified_time": 1775833323000,
            "location": "EU",
            "max_time_travel_hours": "168",
            "project": "mix-energie-gcp11-492212",
            "self_link": "https://bigquery.googleapis.com/bigquery/v2/projects/mix-energie-gcp11-492212/datasets/prod_mix_energie",
            "storage_billing_model": "",
            "terraform_labels": {},
            "timeouts": null
          },
          "sensitive_attributes": [],
          "identity_schema_version": 0,
          "private": "eyJlMmJmYjczMC1lY2FhLTExZTYtOGY4OC0zNDM2M2JjN2M0YzAiOnsiY3JlYXRlIjoxMjAwMDAwMDAwMDAwLCJkZWxldGUiOjEyMDAwMDAwMDAwMDAsInVwZGF0ZSI6MTIwMDAwMDAwMDAwMH0sInNjaGVtYV92ZXJzaW9uIjoiMCJ9"
        }
      ]
    },
    {
      "mode": "managed",
      "type": "google_bigquery_dataset",
      "name": "prod_mix_energie_gold_dataset",
      "provider": "provider[\"registry.terraform.io/hashicorp/google\"]",
      "instances": [
        {
          "index_key": 0,
          "schema_version": 0,
          "attributes": {
            "access": [
              {
                "dataset": [],
                "domain": "",
                "group_by_email": "",
                "iam_member": "",
                "role": "OWNER",
                "routine": [],
                "special_group": "",
                "user_by_email": "jccharbo1@gmail.com",
                "view": []
              },
              {
                "dataset": [],
                "domain": "",
                "group_by_email": "",
                "iam_member": "",
                "role": "OWNER",
                "routine": [],
                "special_group": "projectOwners",
                "user_by_email": "",
                "view": []
              },
              {
                "dataset": [],
                "domain": "",
                "group_by_email": "",
                "iam_member": "",
                "role": "READER",
                "routine": [],
                "special_group": "projectReaders",
                "user_by_email": "",
                "view": []
              },
              {
                "dataset": [],
                "domain": "",
                "group_by_email": "",
                "iam_member": "",
                "role": "WRITER",
                "routine": [],
                "special_group": "projectWriters",
                "user_by_email": "",
                "view": []
              }
            ],
            "creation_time": 1775833322959,
            "dataset_id": "prod_mix_energie_gold",
            "default_collation": "",
            "default_encryption_configuration": [],
            "default_partition_expiration_ms": 0,
            "default_table_expiration_ms": 0,
            "delete_contents_on_destroy": false,
            "description": "Dataset de prod gold pour le projet mix-energie.",
            "effective_labels": {},
            "etag": "AsyIAt66nAPCeeDe7qGsRQ==",
            "friendly_name": "prod-mix-energie-gold",
            "id": "projects/mix-energie-gcp11-492212/datasets/prod_mix_energie_gold",
            "is_case_insensitive": false,
            "labels": {},
            "last_modified_time": 1775833322959,
            "location": "EU",
            "max_time_travel_hours": "168",
            "project": "mix-energie-gcp11-492212",
            "self_link": "https://bigquery.googleapis.com/bigquery/v2/projects/mix-energie-gcp11-492212/datasets/prod_mix_energie_gold",
            "storage_billing_model": "",
            "terraform_labels": {},
            "timeouts": null
          },
          "sensitive_attributes": [],
          "identity_schema_version": 0,
          "private": "eyJlMmJmYjczMC1lY2FhLTExZTYtOGY4OC0zNDM2M2JjN2M0YzAiOnsiY3JlYXRlIjoxMjAwMDAwMDAwMDAwLCJkZWxldGUiOjEyMDAwMDAwMDAwMDAsInVwZGF0ZSI6MTIwMDAwMDAwMDAwMH0sInNjaGVtYV92ZXJzaW9uIjoiMCJ9"
        }
      ]
    },
    {
      "mode": "managed",
      "type": "google_bigquery_dataset",
      "name": "prod_mix_energie_silver_dataset",
      "provider": "provider[\"registry.terraform.io/hashicorp/google\"]",
      "instances": [
        {
          "index_key": 0,
          "schema_version": 0,
          "attributes": {
            "access": [
              {
                "dataset": [],
                "domain": "",
                "group_by_email": "",
                "iam_member": "",
                "role": "OWNER",
                "routine": [],
                "special_group": "",
                "user_by_email": "jccharbo1@gmail.com",
                "view": []
              },
              {
                "dataset": [],
                "domain": "",
                "group_by_email": "",
                "iam_member": "",
                "role": "OWNER",
                "routine": [],
                "special_group": "projectOwners",
                "user_by_email": "",
                "view": []
              },
              {
                "dataset": [],
                "domain": "",
                "group_by_email": "",
                "iam_member": "",
                "role": "READER",
                "routine": [],
                "special_group": "projectReaders",
                "user_by_email": "",
                "view": []
              },
              {
                "dataset": [],
                "domain": "",
                "group_by_email": "",
                "iam_member": "",
                "role": "WRITER",
                "routine": [],
                "special_group": "projectWriters",
                "user_by_email": "",
                "view": []
              }
            ],
            "creation_time": 1775833322937,
            "dataset_id": "prod_mix_energie_silver",
            "default_collation": "",
            "default_encryption_configuration": [],
            "default_partition_expiration_ms": 0,
            "default_table_expiration_ms": 0,
            "delete_contents_on_destroy": false,
            "description": "Dataset de prod silver pour le projet mix-energie.",
            "effective_labels": {},
            "etag": "Ke2hULHFZ+te6AmkgbOWAA==",
            "friendly_name": "prod-mix-energie-silver",
            "id": "projects/mix-energie-gcp11-492212/datasets/prod_mix_energie_silver",
            "is_case_insensitive": false,
            "labels": {},
            "last_modified_time": 1775833322937,
            "location": "EU",
            "max_time_travel_hours": "168",
            "project": "mix-energie-gcp11-492212",
            "self_link": "https://bigquery.googleapis.com/bigquery/v2/projects/mix-energie-gcp11-492212/datasets/prod_mix_energie_silver",
            "storage_billing_model": "",
            "terraform_labels": {},
            "timeouts": null
          },
          "sensitive_attributes": [],
          "identity_schema_version": 0,
          "private": "eyJlMmJmYjczMC1lY2FhLTExZTYtOGY4OC0zNDM2M2JjN2M0YzAiOnsiY3JlYXRlIjoxMjAwMDAwMDAwMDAwLCJkZWxldGUiOjEyMDAwMDAwMDAwMDAsInVwZGF0ZSI6MTIwMDAwMDAwMDAwMH0sInNjaGVtYV92ZXJzaW9uIjoiMCJ9"
        }
      ]
    },
    {
      "mode": "managed",
      "type": "google_compute_instance",
      "name": "vm_mix_energie",
      "provider": "provider[\"registry.terraform.io/hashicorp/google\"]",
      "instances": [
        {
          "index_key": 0,
          "schema_version": 6,
          "attributes": {
            "advanced_machine_features": [],
            "allow_stopping_for_update": null,
            "attached_disk": [],
            "boot_disk": [
              {
                "auto_delete": true,
                "device_name": "persistent-disk-0",
                "disk_encryption_key_raw": "",
                "disk_encryption_key_sha256": "",
                "initialize_params": [
                  {
                    "enable_confidential_compute": false,
                    "image": "https://www.googleapis.com/compute/v1/projects/debian-cloud/global/images/debian-11-bullseye-v20260310",
                    "labels": {},
                    "provisioned_iops": 0,
                    "provisioned_throughput": 0,
                    "resource_manager_tags": {},
                    "size": 10,
                    "type": "pd-standard"
                  }
                ],
                "kms_key_self_link": "",
                "mode": "READ_WRITE",
                "source": "https://www.googleapis.com/compute/v1/projects/mix-energie-gcp11-492212/zones/europe-west1-b/disks/vm-mix-energie"
              }
            ],
            "can_ip_forward": false,
            "confidential_instance_config": [],
            "cpu_platform": "Intel Broadwell",
            "current_status": "RUNNING",
            "deletion_protection": false,
            "description": "",
            "desired_status": null,
            "effective_labels": {},
            "enable_display": false,
            "guest_accelerator": [],
            "hostname": "",
            "id": "projects/mix-energie-gcp11-492212/zones/europe-west1-b/instances/vm-mix-energie",
            "instance_id": "2565212866071539216",
            "label_fingerprint": "42WmSpB8rSM=",
            "labels": {},
            "machine_type": "e2-micro",
            "metadata": {},
            "metadata_fingerprint": "Qnc_9JhkvoE=",
            "metadata_startup_script": null,
            "min_cpu_platform": "",
            "name": "vm-mix-energie",
            "network_interface": [
              {
                "access_config": [
                  {
                    "nat_ip": "34.38.63.62",
                    "network_tier": "PREMIUM",
                    "public_ptr_domain_name": ""
                  }
                ],
                "alias_ip_range": [],
                "internal_ipv6_prefix_length": 0,
                "ipv6_access_config": [],
                "ipv6_access_type": "",
                "ipv6_address": "",
                "name": "nic0",
                "network": "https://www.googleapis.com/compute/v1/projects/mix-energie-gcp11-492212/global/networks/default",
                "network_ip": "10.132.0.2",
                "nic_type": "",
                "queue_count": 0,
                "stack_type": "IPV4_ONLY",
                "subnetwork": "https://www.googleapis.com/compute/v1/projects/mix-energie-gcp11-492212/regions/europe-west1/subnetworks/default",
                "subnetwork_project": "mix-energie-gcp11-492212"
              }
            ],
            "network_performance_config": [],
            "params": [],
            "project": "mix-energie-gcp11-492212",
            "reservation_affinity": [],
            "resource_policies": [],
            "scheduling": [
              {
                "automatic_restart": true,
                "instance_termination_action": "",
                "local_ssd_recovery_timeout": [],
                "min_node_cpus": 0,
                "node_affinities": [],
                "on_host_maintenance": "MIGRATE",
                "preemptible": false,
                "provisioning_model": "STANDARD"
              }
            ],
            "scratch_disk": [],
            "self_link": "https://www.googleapis.com/compute/v1/projects/mix-energie-gcp11-492212/zones/europe-west1-b/instances/vm-mix-energie",
            "service_account": [
              {
                "email": "vm-mix-energie@mix-energie-gcp11-492212.iam.gserviceaccount.com",
                "scopes": [
                  "https://www.googleapis.com/auth/cloud-platform"
                ]
              }
            ],
            "shielded_instance_config": [
              {
                "enable_integrity_monitoring": true,
                "enable_secure_boot": false,
                "enable_vtpm": true
              }
            ],
            "tags": [
              "demo"
            ],
            "tags_fingerprint": "5u8nZq7JF28=",
            "terraform_labels": {},
            "timeouts": null,
            "zone": "europe-west1-b"
          },
          "sensitive_attributes": [
            [
              {
                "type": "get_attr",
                "value": "boot_disk"
              },
              {
                "type": "index",
                "value": {
                  "value": 0,
                  "type": "number"
                }
              },
              {
                "type": "get_attr",
                "value": "disk_encryption_key_raw"
              }
            ]
          ],
          "identity_schema_version": 0,
          "private": "eyJlMmJmYjczMC1lY2FhLTExZTYtOGY4OC0zNDM2M2JjN2M0YzAiOnsiY3JlYXRlIjoxMjAwMDAwMDAwMDAwLCJkZWxldGUiOjEyMDAwMDAwMDAwMDAsInVwZGF0ZSI6MTIwMDAwMDAwMDAwMH0sInNjaGVtYV92ZXJzaW9uIjoiNiJ9"
        }
      ]
    },
    {
      "mode": "managed",
      "type": "google_project",
      "name": "mix_energie_gcp",
      "provider": "provider[\"registry.terraform.io/hashicorp/google\"]",
      "instances": [
        {
          "schema_version": 1,
          "attributes": {
            "auto_create_network": true,
            "billing_account": "01FE1B-B3B34E-92A1B4",
            "effective_labels": {},
            "folder_id": "",
            "id": "projects/mix-energie-gcp11-492212",
            "labels": {},
            "name": "mix-energie-gcp11",
            "number": "62129433359",
            "org_id": "1064330306973",
            "project_id": "mix-energie-gcp11-492212",
            "skip_delete": null,
            "terraform_labels": {},
            "timeouts": null
          },
          "sensitive_attributes": [],
          "identity_schema_version": 0,
          "private": "eyJlMmJmYjczMC1lY2FhLTExZTYtOGY4OC0zNDM2M2JjN2M0YzAiOnsiY3JlYXRlIjo2MDAwMDAwMDAwMDAsImRlbGV0ZSI6NjAwMDAwMDAwMDAwLCJyZWFkIjo2MDAwMDAwMDAwMDAsInVwZGF0ZSI6NjAwMDAwMDAwMDAwfSwic2NoZW1hX3ZlcnNpb24iOiIxIn0="
        }
      ]
    },
    {
      "mode": "managed",
      "type": "google_project_iam_member",
      "name": "self_service_account_admin",
      "provider": "provider[\"registry.terraform.io/hashicorp/google\"]",
      "instances": [
        {
          "index_key": 0,
          "schema_version": 0,
          "attributes": {
            "condition": [],
            "etag": "BwZPKfaS3zU=",
            "id": "mix-energie-gcp11-492212/roles/iam.serviceAccountAdmin/user:jccharbo1@gmail.com",
            "member": "user:jccharbo1@gmail.com",
            "project": "mix-energie-gcp11-492212",
            "role": "roles/iam.serviceAccountAdmin"
          },
          "sensitive_attributes": [],
          "identity_schema_version": 0,
          "private": "bnVsbA==",
          "dependencies": [
            "google_project.mix_energie_gcp",
            "google_project_service.artifact_registry",
            "google_project_service.bigquery",
            "google_project_service.compute",
            "google_project_service.storage",
            "google_project_service.vertex_ai"
          ]
        }
      ]
    },
    {
      "mode": "managed",
      "type": "google_project_service",
      "name": "artifact_registry",
      "provider": "provider[\"registry.terraform.io/hashicorp/google\"]",
      "instances": [
        {
          "schema_version": 0,
          "attributes": {
            "disable_dependent_services": null,
            "disable_on_destroy": false,
            "id": "mix-energie-gcp11-492212/artifactregistry.googleapis.com",
            "project": "mix-energie-gcp11-492212",
            "service": "artifactregistry.googleapis.com",
            "timeouts": null
          },
          "sensitive_attributes": [],
          "identity_schema_version": 0,
          "private": "eyJlMmJmYjczMC1lY2FhLTExZTYtOGY4OC0zNDM2M2JjN2M0YzAiOnsiY3JlYXRlIjoxMjAwMDAwMDAwMDAwLCJkZWxldGUiOjEyMDAwMDAwMDAwMDAsInJlYWQiOjYwMDAwMDAwMDAwMCwidXBkYXRlIjoxMjAwMDAwMDAwMDAwfX0=",
          "dependencies": [
            "google_project.mix_energie_gcp"
          ]
        }
      ]
    },
    {
      "mode": "managed",
      "type": "google_project_service",
      "name": "bigquery",
      "provider": "provider[\"registry.terraform.io/hashicorp/google\"]",
      "instances": [
        {
          "schema_version": 0,
          "attributes": {
            "disable_dependent_services": null,
            "disable_on_destroy": false,
            "id": "mix-energie-gcp11-492212/bigquery.googleapis.com",
            "project": "mix-energie-gcp11-492212",
            "service": "bigquery.googleapis.com",
            "timeouts": null
          },
          "sensitive_attributes": [],
          "identity_schema_version": 0,
          "private": "eyJlMmJmYjczMC1lY2FhLTExZTYtOGY4OC0zNDM2M2JjN2M0YzAiOnsiY3JlYXRlIjoxMjAwMDAwMDAwMDAwLCJkZWxldGUiOjEyMDAwMDAwMDAwMDAsInJlYWQiOjYwMDAwMDAwMDAwMCwidXBkYXRlIjoxMjAwMDAwMDAwMDAwfX0=",
          "dependencies": [
            "google_project.mix_energie_gcp"
          ]
        }
      ]
    },
    {
      "mode": "managed",
      "type": "google_project_service",
      "name": "compute",
      "provider": "provider[\"registry.terraform.io/hashicorp/google\"]",
      "instances": [
        {
          "schema_version": 0,
          "attributes": {
            "disable_dependent_services": null,
            "disable_on_destroy": false,
            "id": "mix-energie-gcp11-492212/compute.googleapis.com",
            "project": "mix-energie-gcp11-492212",
            "service": "compute.googleapis.com",
            "timeouts": null
          },
          "sensitive_attributes": [],
          "identity_schema_version": 0,
          "private": "eyJlMmJmYjczMC1lY2FhLTExZTYtOGY4OC0zNDM2M2JjN2M0YzAiOnsiY3JlYXRlIjoxMjAwMDAwMDAwMDAwLCJkZWxldGUiOjEyMDAwMDAwMDAwMDAsInJlYWQiOjYwMDAwMDAwMDAwMCwidXBkYXRlIjoxMjAwMDAwMDAwMDAwfX0=",
          "dependencies": [
            "google_project.mix_energie_gcp"
          ]
        }
      ]
    },
    {
      "mode": "managed",
      "type": "google_project_service",
      "name": "storage",
      "provider": "provider[\"registry.terraform.io/hashicorp/google\"]",
      "instances": [
        {
          "schema_version": 0,
          "attributes": {
            "disable_dependent_services": null,
            "disable_on_destroy": false,
            "id": "mix-energie-gcp11-492212/storage.googleapis.com",
            "project": "mix-energie-gcp11-492212",
            "service": "storage.googleapis.com",
            "timeouts": null
          },
          "sensitive_attributes": [],
          "identity_schema_version": 0,
          "private": "eyJlMmJmYjczMC1lY2FhLTExZTYtOGY4OC0zNDM2M2JjN2M0YzAiOnsiY3JlYXRlIjoxMjAwMDAwMDAwMDAwLCJkZWxldGUiOjEyMDAwMDAwMDAwMDAsInJlYWQiOjYwMDAwMDAwMDAwMCwidXBkYXRlIjoxMjAwMDAwMDAwMDAwfX0=",
          "dependencies": [
            "google_project.mix_energie_gcp"
          ]
        }
      ]
    },
    {
      "mode": "managed",
      "type": "google_project_service",
      "name": "vertex_ai",
      "provider": "provider[\"registry.terraform.io/hashicorp/google\"]",
      "instances": [
        {
          "schema_version": 0,
          "attributes": {
            "disable_dependent_services": null,
            "disable_on_destroy": false,
            "id": "mix-energie-gcp11-492212/aiplatform.googleapis.com",
            "project": "mix-energie-gcp11-492212",
            "service": "aiplatform.googleapis.com",
            "timeouts": null
          },
          "sensitive_attributes": [],
          "identity_schema_version": 0,
          "private": "eyJlMmJmYjczMC1lY2FhLTExZTYtOGY4OC0zNDM2M2JjN2M0YzAiOnsiY3JlYXRlIjoxMjAwMDAwMDAwMDAwLCJkZWxldGUiOjEyMDAwMDAwMDAwMDAsInJlYWQiOjYwMDAwMDAwMDAwMCwidXBkYXRlIjoxMjAwMDAwMDAwMDAwfX0=",
          "dependencies": [
            "google_project.mix_energie_gcp"
          ]
        }
      ]
    },
    {
      "mode": "managed",
      "type": "google_service_account",
      "name": "airflow_mix_energie",
      "provider": "provider[\"registry.terraform.io/hashicorp/google\"]",
      "instances": [
        {
          "index_key": 0,
          "schema_version": 0,
          "attributes": {
            "account_id": "airflow-mix-energie",
            "create_ignore_already_exists": null,
            "description": "Service account dedie a Airflow pour consommer les artefacts du projet.",
            "disabled": false,
            "display_name": "",
            "email": "airflow-mix-energie@mix-energie-gcp11-492212.iam.gserviceaccount.com",
            "id": "projects/mix-energie-gcp11-492212/serviceAccounts/airflow-mix-energie@mix-energie-gcp11-492212.iam.gserviceaccount.com",
            "member": "serviceAccount:airflow-mix-energie@mix-energie-gcp11-492212.iam.gserviceaccount.com",
            "name": "projects/mix-energie-gcp11-492212/serviceAccounts/airflow-mix-energie@mix-energie-gcp11-492212.iam.gserviceaccount.com",
            "project": "mix-energie-gcp11-492212",
            "timeouts": null,
            "unique_id": "115807415668077529796"
          },
          "sensitive_attributes": [],
          "identity_schema_version": 0,
          "private": "eyJlMmJmYjczMC1lY2FhLTExZTYtOGY4OC0zNDM2M2JjN2M0YzAiOnsiY3JlYXRlIjozMDAwMDAwMDAwMDB9LCJzY2hlbWFfdmVyc2lvbiI6IjAifQ=="
        }
      ]
    },
    {
      "mode": "managed",
      "type": "google_service_account",
      "name": "bucket_mix_energie",
      "provider": "provider[\"registry.terraform.io/hashicorp/google\"]",
      "instances": [
        {
          "index_key": 0,
          "schema_version": 0,
          "attributes": {
            "account_id": "bucket-mix-energie",
            "create_ignore_already_exists": null,
            "description": "Service account dedie au bucket mix-energie-bucket.",
            "disabled": false,
            "display_name": "",
            "email": "bucket-mix-energie@mix-energie-gcp11-492212.iam.gserviceaccount.com",
            "id": "projects/mix-energie-gcp11-492212/serviceAccounts/bucket-mix-energie@mix-energie-gcp11-492212.iam.gserviceaccount.com",
            "member": "serviceAccount:bucket-mix-energie@mix-energie-gcp11-492212.iam.gserviceaccount.com",
            "name": "projects/mix-energie-gcp11-492212/serviceAccounts/bucket-mix-energie@mix-energie-gcp11-492212.iam.gserviceaccount.com",
            "project": "mix-energie-gcp11-492212",
            "timeouts": null,
            "unique_id": "105134064642835549273"
          },
          "sensitive_attributes": [],
          "identity_schema_version": 0,
          "private": "eyJlMmJmYjczMC1lY2FhLTExZTYtOGY4OC0zNDM2M2JjN2M0YzAiOnsiY3JlYXRlIjozMDAwMDAwMDAwMDB9LCJzY2hlbWFfdmVyc2lvbiI6IjAifQ=="
        }
      ]
    },
    {
      "mode": "managed",
      "type": "google_service_account",
      "name": "fastapi_mix_energie",
      "provider": "provider[\"registry.terraform.io/hashicorp/google\"]",
      "instances": [
        {
          "index_key": 0,
          "schema_version": 0,
          "attributes": {
            "account_id": "fastapi-mix-energie",
            "create_ignore_already_exists": null,
            "description": "Service account dedie a l'application FastAPI mix-energie.",
            "disabled": false,
            "display_name": "",
            "email": "fastapi-mix-energie@mix-energie-gcp11-492212.iam.gserviceaccount.com",
            "id": "projects/mix-energie-gcp11-492212/serviceAccounts/fastapi-mix-energie@mix-energie-gcp11-492212.iam.gserviceaccount.com",
            "member": "serviceAccount:fastapi-mix-energie@mix-energie-gcp11-492212.iam.gserviceaccount.com",
            "name": "projects/mix-energie-gcp11-492212/serviceAccounts/fastapi-mix-energie@mix-energie-gcp11-492212.iam.gserviceaccount.com",
            "project": "mix-energie-gcp11-492212",
            "timeouts": null,
            "unique_id": "112284191059627785364"
          },
          "sensitive_attributes": [],
          "identity_schema_version": 0,
          "private": "eyJlMmJmYjczMC1lY2FhLTExZTYtOGY4OC0zNDM2M2JjN2M0YzAiOnsiY3JlYXRlIjozMDAwMDAwMDAwMDB9LCJzY2hlbWFfdmVyc2lvbiI6IjAifQ=="
        }
      ]
    },
    {
      "mode": "managed",
      "type": "google_service_account",
      "name": "import_mix_energie",
      "provider": "provider[\"registry.terraform.io/hashicorp/google\"]",
      "instances": [
        {
          "index_key": 0,
          "schema_version": 0,
          "attributes": {
            "account_id": "import-mix-energie",
            "create_ignore_already_exists": null,
            "description": "Service account pour l'import, avec droit ecriture sur le bucket mix-energie-bucket.",
            "disabled": false,
            "display_name": "",
            "email": "import-mix-energie@mix-energie-gcp11-492212.iam.gserviceaccount.com",
            "id": "projects/mix-energie-gcp11-492212/serviceAccounts/import-mix-energie@mix-energie-gcp11-492212.iam.gserviceaccount.com",
            "member": "serviceAccount:import-mix-energie@mix-energie-gcp11-492212.iam.gserviceaccount.com",
            "name": "projects/mix-energie-gcp11-492212/serviceAccounts/import-mix-energie@mix-energie-gcp11-492212.iam.gserviceaccount.com",
            "project": "mix-energie-gcp11-492212",
            "timeouts": null,
            "unique_id": "111454454007601718486"
          },
          "sensitive_attributes": [],
          "identity_schema_version": 0,
          "private": "eyJlMmJmYjczMC1lY2FhLTExZTYtOGY4OC0zNDM2M2JjN2M0YzAiOnsiY3JlYXRlIjozMDAwMDAwMDAwMDB9LCJzY2hlbWFfdmVyc2lvbiI6IjAifQ=="
        }
      ]
    },
    {
      "mode": "managed",
      "type": "google_service_account",
      "name": "mix_energie_bigquery",
      "provider": "provider[\"registry.terraform.io/hashicorp/google\"]",
      "instances": [
        {
          "index_key": 0,
          "schema_version": 0,
          "attributes": {
            "account_id": "bigquery-mix-energie",
            "create_ignore_already_exists": null,
            "description": "Service account pour BigQuery avec droits BigQuery Admin.",
            "disabled": false,
            "display_name": "",
            "email": "bigquery-mix-energie@mix-energie-gcp11-492212.iam.gserviceaccount.com",
            "id": "projects/mix-energie-gcp11-492212/serviceAccounts/bigquery-mix-energie@mix-energie-gcp11-492212.iam.gserviceaccount.com",
            "member": "serviceAccount:bigquery-mix-energie@mix-energie-gcp11-492212.iam.gserviceaccount.com",
            "name": "projects/mix-energie-gcp11-492212/serviceAccounts/bigquery-mix-energie@mix-energie-gcp11-492212.iam.gserviceaccount.com",
            "project": "mix-energie-gcp11-492212",
            "timeouts": null,
            "unique_id": "106831455430057921520"
          },
          "sensitive_attributes": [],
          "identity_schema_version": 0,
          "private": "eyJlMmJmYjczMC1lY2FhLTExZTYtOGY4OC0zNDM2M2JjN2M0YzAiOnsiY3JlYXRlIjozMDAwMDAwMDAwMDB9LCJzY2hlbWFfdmVyc2lvbiI6IjAifQ=="
        }
      ]
    },
    {
      "mode": "managed",
      "type": "google_service_account",
      "name": "vm_mix_energie",
      "provider": "provider[\"registry.terraform.io/hashicorp/google\"]",
      "instances": [
        {
          "index_key": 0,
          "schema_version": 0,
          "attributes": {
            "account_id": "vm-mix-energie",
            "create_ignore_already_exists": null,
            "description": "Service account dedie a la VM pour lire Artifact Registry.",
            "disabled": false,
            "display_name": "",
            "email": "vm-mix-energie@mix-energie-gcp11-492212.iam.gserviceaccount.com",
            "id": "projects/mix-energie-gcp11-492212/serviceAccounts/vm-mix-energie@mix-energie-gcp11-492212.iam.gserviceaccount.com",
            "member": "serviceAccount:vm-mix-energie@mix-energie-gcp11-492212.iam.gserviceaccount.com",
            "name": "projects/mix-energie-gcp11-492212/serviceAccounts/vm-mix-energie@mix-energie-gcp11-492212.iam.gserviceaccount.com",
            "project": "mix-energie-gcp11-492212",
            "timeouts": null,
            "unique_id": "114342908598917283750"
          },
          "sensitive_attributes": [],
          "identity_schema_version": 0,
          "private": "eyJlMmJmYjczMC1lY2FhLTExZTYtOGY4OC0zNDM2M2JjN2M0YzAiOnsiY3JlYXRlIjozMDAwMDAwMDAwMDB9LCJzY2hlbWFfdmVyc2lvbiI6IjAifQ=="
        }
      ]
    },
    {
      "mode": "managed",
      "type": "google_storage_bucket",
      "name": "mix_energie_bucket",
      "provider": "provider[\"registry.terraform.io/hashicorp/google\"]",
      "instances": [
        {
          "index_key": 0,
          "schema_version": 1,
          "attributes": {
            "autoclass": [],
            "cors": [],
            "custom_placement_config": [],
            "default_event_based_hold": false,
            "effective_labels": {},
            "enable_object_retention": false,
            "encryption": [],
            "force_destroy": false,
            "id": "mix-energie-bucket-gcp11",
            "labels": {},
            "lifecycle_rule": [],
            "location": "EU",
            "logging": [],
            "name": "mix-energie-bucket-gcp11",
            "project": "mix-energie-gcp11-492212",
            "project_number": 62129433359,
            "public_access_prevention": "inherited",
            "requester_pays": false,
            "retention_policy": [],
            "rpo": "DEFAULT",
            "self_link": "https://www.googleapis.com/storage/v1/b/mix-energie-bucket-gcp11",
            "soft_delete_policy": [
              {
                "effective_time": "2026-04-10T15:02:03.855Z",
                "retention_duration_seconds": 604800
              }
            ],
            "storage_class": "STANDARD",
            "terraform_labels": {},
            "timeouts": null,
            "uniform_bucket_level_access": true,
            "url": "gs://mix-energie-bucket-gcp11",
            "versioning": [],
            "website": []
          },
          "sensitive_attributes": [],
          "identity_schema_version": 0,
          "private": "eyJlMmJmYjczMC1lY2FhLTExZTYtOGY4OC0zNDM2M2JjN2M0YzAiOnsiY3JlYXRlIjo2MDAwMDAwMDAwMDAsInJlYWQiOjI0MDAwMDAwMDAwMCwidXBkYXRlIjoyNDAwMDAwMDAwMDB9LCJzY2hlbWFfdmVyc2lvbiI6IjEifQ=="
        }
      ]
    }
  ],
  "check_results": null
}
