{
  "version": 4,
  "terraform_version": "1.14.8",
  "serial": 78,
  "lineage": "a19d3a30-6e65-2891-2c72-6fa478a7d6aa",
  "outputs": {
    "instructions_service_account_admin": {
      "value": "Deploiement complet termine.\nSi une erreur IAM apparait pendant la phase complete, verifiez que jccharbo1@gmail.com est bien Owner du projet mix-energie-gcp12 puis relancez la commande.",
      "type": "string"
    }
  },
  "resources": [
    {
      "mode": "managed",
      "type": "google_bigquery_dataset",
      "name": "prod_mix_energie_dataset",
      "provider": "provider[\"registry.terraform.io/hashicorp/google\"]",
      "instances": [
        {
          "index_key": 0,
          "schema_version": 0,
          "attributes": {
            "access": [
              {
                "dataset": [],
                "domain": "",
                "group_by_email": "",
                "iam_member": "",
                "role": "OWNER",
                "routine": [],
                "special_group": "",
                "user_by_email": "jccharbo1@gmail.com",
                "view": []
              },
              {
                "dataset": [],
                "domain": "",
                "group_by_email": "",
                "iam_member": "",
                "role": "OWNER",
                "routine": [],
                "special_group": "projectOwners",
                "user_by_email": "",
                "view": []
              },
              {
                "dataset": [],
                "domain": "",
                "group_by_email": "",
                "iam_member": "",
                "role": "READER",
                "routine": [],
                "special_group": "projectReaders",
                "user_by_email": "",
                "view": []
              },
              {
                "dataset": [],
                "domain": "",
                "group_by_email": "",
                "iam_member": "",
                "role": "WRITER",
                "routine": [],
                "special_group": "projectWriters",
                "user_by_email": "",
                "view": []
              }
            ],
            "creation_time": 1775920359877,
            "dataset_id": "prod_mix_energie",
            "default_collation": "",
            "default_encryption_configuration": [],
            "default_partition_expiration_ms": 0,
            "default_table_expiration_ms": 0,
            "delete_contents_on_destroy": false,
            "description": "Dataset de prod bronze pour le projet mix-energie.",
            "effective_labels": {
              "application": "mix-energy",
              "environment": "gcp12",
              "goog-terraform-provisioned": "true",
              "managed_by": "terraform"
            },
            "etag": "7da9835XECa0Yd++AMgPgA==",
            "friendly_name": "prod-mix-energie",
            "id": "projects/mix-energie-gcp12/datasets/prod_mix_energie",
            "is_case_insensitive": false,
            "labels": {},
            "last_modified_time": 1776272622421,
            "location": "EU",
            "max_time_travel_hours": "168",
            "project": "mix-energie-gcp12",
            "self_link": "https://bigquery.googleapis.com/bigquery/v2/projects/mix-energie-gcp12/datasets/prod_mix_energie",
            "storage_billing_model": "",
            "terraform_labels": {},
            "timeouts": null
          },
          "sensitive_attributes": [],
          "identity_schema_version": 0,
          "private": "eyJlMmJmYjczMC1lY2FhLTExZTYtOGY4OC0zNDM2M2JjN2M0YzAiOnsiY3JlYXRlIjoxMjAwMDAwMDAwMDAwLCJkZWxldGUiOjEyMDAwMDAwMDAwMDAsInVwZGF0ZSI6MTIwMDAwMDAwMDAwMH19",
          "dependencies": [
            "google_project.mix_energie_gcp",
            "google_project_service.bigquery"
          ]
        }
      ]
    },
    {
      "mode": "managed",
      "type": "google_bigquery_dataset",
      "name": "prod_mix_energie_gold_dataset",
      "provider": "provider[\"registry.terraform.io/hashicorp/google\"]",
      "instances": [
        {
          "index_key": 0,
          "schema_version": 0,
          "attributes": {
            "access": [
              {
                "dataset": [],
                "domain": "",
                "group_by_email": "",
                "iam_member": "",
                "role": "OWNER",
                "routine": [],
                "special_group": "",
                "user_by_email": "jccharbo1@gmail.com",
                "view": []
              },
              {
                "dataset": [],
                "domain": "",
                "group_by_email": "",
                "iam_member": "",
                "role": "OWNER",
                "routine": [],
                "special_group": "projectOwners",
                "user_by_email": "",
                "view": []
              },
              {
                "dataset": [],
                "domain": "",
                "group_by_email": "",
                "iam_member": "",
                "role": "READER",
                "routine": [],
                "special_group": "projectReaders",
                "user_by_email": "",
                "view": []
              },
              {
                "dataset": [],
                "domain": "",
                "group_by_email": "",
                "iam_member": "",
                "role": "WRITER",
                "routine": [],
                "special_group": "projectWriters",
                "user_by_email": "",
                "view": []
              }
            ],
            "creation_time": 1775920361967,
            "dataset_id": "prod_mix_energie_gold",
            "default_collation": "",
            "default_encryption_configuration": [],
            "default_partition_expiration_ms": 0,
            "default_table_expiration_ms": 0,
            "delete_contents_on_destroy": false,
            "description": "Dataset de prod gold pour le projet mix-energie.",
            "effective_labels": {
              "application": "mix-energy",
              "environment": "gcp12",
              "goog-terraform-provisioned": "true",
              "managed_by": "terraform"
            },
            "etag": "G6JRIsKhyHcEPaUgKPjdqg==",
            "friendly_name": "prod-mix-energie-gold",
            "id": "projects/mix-energie-gcp12/datasets/prod_mix_energie_gold",
            "is_case_insensitive": false,
            "labels": {},
            "last_modified_time": 1776272622423,
            "location": "EU",
            "max_time_travel_hours": "168",
            "project": "mix-energie-gcp12",
            "self_link": "https://bigquery.googleapis.com/bigquery/v2/projects/mix-energie-gcp12/datasets/prod_mix_energie_gold",
            "storage_billing_model": "",
            "terraform_labels": {},
            "timeouts": null
          },
          "sensitive_attributes": [],
          "identity_schema_version": 0,
          "private": "eyJlMmJmYjczMC1lY2FhLTExZTYtOGY4OC0zNDM2M2JjN2M0YzAiOnsiY3JlYXRlIjoxMjAwMDAwMDAwMDAwLCJkZWxldGUiOjEyMDAwMDAwMDAwMDAsInVwZGF0ZSI6MTIwMDAwMDAwMDAwMH19",
          "dependencies": [
            "google_project.mix_energie_gcp",
            "google_project_service.bigquery"
          ]
        }
      ]
    },
    {
      "mode": "managed",
      "type": "google_compute_network",
      "name": "mix_energie_network",
      "provider": "provider[\"registry.terraform.io/hashicorp/google\"]",
      "instances": [
        {
          "index_key": 0,
          "schema_version": 0,
          "attributes": {
            "auto_create_subnetworks": false,
            "delete_default_routes_on_create": false,
            "description": "",
            "enable_ula_internal_ipv6": false,
            "gateway_ipv4": "",
            "id": "projects/mix-energie-gcp12/global/networks/mix-energy-network",
            "internal_ipv6_range": "",
            "mtu": 0,
            "name": "mix-energy-network",
            "network_firewall_policy_enforcement_order": "AFTER_CLASSIC_FIREWALL",
            "numeric_id": "6915152462105532936",
            "project": "mix-energie-gcp12",
            "routing_mode": "REGIONAL",
            "self_link": "https://www.googleapis.com/compute/v1/projects/mix-energie-gcp12/global/networks/mix-energy-network",
            "timeouts": null
          },
          "sensitive_attributes": [],
          "identity_schema_version": 0,
          "private": "eyJlMmJmYjczMC1lY2FhLTExZTYtOGY4OC0zNDM2M2JjN2M0YzAiOnsiY3JlYXRlIjoxMjAwMDAwMDAwMDAwLCJkZWxldGUiOjEyMDAwMDAwMDAwMDAsInVwZGF0ZSI6MTIwMDAwMDAwMDAwMH0sInNjaGVtYV92ZXJzaW9uIjoiMCJ9"
        }
      ]
    },
    {
      "mode": "managed",
      "type": "google_compute_subnetwork",
      "name": "mix_energie_subnetwork",
      "provider": "provider[\"registry.terraform.io/hashicorp/google\"]",
      "instances": [
        {
          "index_key": 0,
          "schema_version": 0,
          "attributes": {
            "creation_timestamp": "2026-04-11T08:13:04.182-07:00",
            "description": "",
            "external_ipv6_prefix": "",
            "fingerprint": null,
            "gateway_address": "10.12.0.1",
            "id": "projects/mix-energie-gcp12/regions/europe-west1/subnetworks/mix-energy-subnetwork",
            "internal_ipv6_prefix": "",
            "ip_cidr_range": "10.12.0.0/24",
            "ipv6_access_type": "",
            "ipv6_cidr_range": "",
            "log_config": [],
            "name": "mix-energy-subnetwork",
            "network": "https://www.googleapis.com/compute/v1/projects/mix-energie-gcp12/global/networks/mix-energy-network",
            "private_ip_google_access": false,
            "private_ipv6_google_access": "DISABLE_GOOGLE_ACCESS",
            "project": "mix-energie-gcp12",
            "purpose": "PRIVATE",
            "region": "europe-west1",
            "role": "",
            "secondary_ip_range": [],
            "self_link": "https://www.googleapis.com/compute/v1/projects/mix-energie-gcp12/regions/europe-west1/subnetworks/mix-energy-subnetwork",
            "stack_type": "IPV4_ONLY",
            "timeouts": null
          },
          "sensitive_attributes": [],
          "identity_schema_version": 0,
          "private": "eyJlMmJmYjczMC1lY2FhLTExZTYtOGY4OC0zNDM2M2JjN2M0YzAiOnsiY3JlYXRlIjoxMjAwMDAwMDAwMDAwLCJkZWxldGUiOjEyMDAwMDAwMDAwMDAsInVwZGF0ZSI6MTIwMDAwMDAwMDAwMH0sInNjaGVtYV92ZXJzaW9uIjoiMCJ9"
        }
      ]
    },
    {
      "mode": "managed",
      "type": "google_project",
      "name": "mix_energie_gcp",
      "provider": "provider[\"registry.terraform.io/hashicorp/google\"]",
      "instances": [
        {
          "schema_version": 1,
          "attributes": {
            "auto_create_network": true,
            "billing_account": "01FE1B-B3B34E-92A1B4",
            "effective_labels": {
              "application": "mix-energy",
              "environment": "gcp12",
              "goog-terraform-provisioned": "true",
              "managed_by": "terraform"
            },
            "folder_id": "",
            "id": "projects/mix-energie-gcp12",
            "labels": {},
            "name": "mix-energie-gcp12",
            "number": "822148706203",
            "org_id": "1064330306973",
            "project_id": "mix-energie-gcp12",
            "skip_delete": null,
            "terraform_labels": {},
            "timeouts": null
          },
          "sensitive_attributes": [],
          "identity_schema_version": 0,
          "private": "eyJlMmJmYjczMC1lY2FhLTExZTYtOGY4OC0zNDM2M2JjN2M0YzAiOnsiY3JlYXRlIjo2MDAwMDAwMDAwMDAsImRlbGV0ZSI6NjAwMDAwMDAwMDAwLCJyZWFkIjo2MDAwMDAwMDAwMDAsInVwZGF0ZSI6NjAwMDAwMDAwMDAwfSwic2NoZW1hX3ZlcnNpb24iOiIxIn0="
        }
      ]
    },
    {
      "mode": "managed",
      "type": "google_project_service",
      "name": "artifact_registry",
      "provider": "provider[\"registry.terraform.io/hashicorp/google\"]",
      "instances": [
        {
          "schema_version": 0,
          "attributes": {
            "disable_dependent_services": null,
            "disable_on_destroy": false,
            "id": "mix-energie-gcp12/artifactregistry.googleapis.com",
            "project": "mix-energie-gcp12",
            "service": "artifactregistry.googleapis.com",
            "timeouts": null
          },
          "sensitive_attributes": [],
          "identity_schema_version": 0,
          "private": "eyJlMmJmYjczMC1lY2FhLTExZTYtOGY4OC0zNDM2M2JjN2M0YzAiOnsiY3JlYXRlIjoxMjAwMDAwMDAwMDAwLCJkZWxldGUiOjEyMDAwMDAwMDAwMDAsInJlYWQiOjYwMDAwMDAwMDAwMCwidXBkYXRlIjoxMjAwMDAwMDAwMDAwfX0=",
          "dependencies": [
            "google_project.mix_energie_gcp"
          ]
        }
      ]
    },
    {
      "mode": "managed",
      "type": "google_project_service",
      "name": "bigquery",
      "provider": "provider[\"registry.terraform.io/hashicorp/google\"]",
      "instances": [
        {
          "schema_version": 0,
          "attributes": {
            "disable_dependent_services": null,
            "disable_on_destroy": false,
            "id": "mix-energie-gcp12/bigquery.googleapis.com",
            "project": "mix-energie-gcp12",
            "service": "bigquery.googleapis.com",
            "timeouts": null
          },
          "sensitive_attributes": [],
          "identity_schema_version": 0,
          "private": "eyJlMmJmYjczMC1lY2FhLTExZTYtOGY4OC0zNDM2M2JjN2M0YzAiOnsiY3JlYXRlIjoxMjAwMDAwMDAwMDAwLCJkZWxldGUiOjEyMDAwMDAwMDAwMDAsInJlYWQiOjYwMDAwMDAwMDAwMCwidXBkYXRlIjoxMjAwMDAwMDAwMDAwfX0=",
          "dependencies": [
            "google_project.mix_energie_gcp"
          ]
        }
      ]
    },
    {
      "mode": "managed",
      "type": "google_project_service",
      "name": "compute",
      "provider": "provider[\"registry.terraform.io/hashicorp/google\"]",
      "instances": [
        {
          "schema_version": 0,
          "attributes": {
            "disable_dependent_services": null,
            "disable_on_destroy": false,
            "id": "mix-energie-gcp12/compute.googleapis.com",
            "project": "mix-energie-gcp12",
            "service": "compute.googleapis.com",
            "timeouts": null
          },
          "sensitive_attributes": [],
          "identity_schema_version": 0,
          "private": "eyJlMmJmYjczMC1lY2FhLTExZTYtOGY4OC0zNDM2M2JjN2M0YzAiOnsiY3JlYXRlIjoxMjAwMDAwMDAwMDAwLCJkZWxldGUiOjEyMDAwMDAwMDAwMDAsInJlYWQiOjYwMDAwMDAwMDAwMCwidXBkYXRlIjoxMjAwMDAwMDAwMDAwfX0=",
          "dependencies": [
            "google_project.mix_energie_gcp"
          ]
        }
      ]
    },
    {
      "mode": "managed",
      "type": "google_project_service",
      "name": "storage",
      "provider": "provider[\"registry.terraform.io/hashicorp/google\"]",
      "instances": [
        {
          "schema_version": 0,
          "attributes": {
            "disable_dependent_services": null,
            "disable_on_destroy": false,
            "id": "mix-energie-gcp12/storage.googleapis.com",
            "project": "mix-energie-gcp12",
            "service": "storage.googleapis.com",
            "timeouts": null
          },
          "sensitive_attributes": [],
          "identity_schema_version": 0,
          "private": "eyJlMmJmYjczMC1lY2FhLTExZTYtOGY4OC0zNDM2M2JjN2M0YzAiOnsiY3JlYXRlIjoxMjAwMDAwMDAwMDAwLCJkZWxldGUiOjEyMDAwMDAwMDAwMDAsInJlYWQiOjYwMDAwMDAwMDAwMCwidXBkYXRlIjoxMjAwMDAwMDAwMDAwfX0=",
          "dependencies": [
            "google_project.mix_energie_gcp"
          ]
        }
      ]
    },
    {
      "mode": "managed",
      "type": "google_project_service",
      "name": "vertex_ai",
      "provider": "provider[\"registry.terraform.io/hashicorp/google\"]",
      "instances": [
        {
          "schema_version": 0,
          "attributes": {
            "disable_dependent_services": null,
            "disable_on_destroy": false,
            "id": "mix-energie-gcp12/aiplatform.googleapis.com",
            "project": "mix-energie-gcp12",
            "service": "aiplatform.googleapis.com",
            "timeouts": null
          },
          "sensitive_attributes": [],
          "identity_schema_version": 0,
          "private": "eyJlMmJmYjczMC1lY2FhLTExZTYtOGY4OC0zNDM2M2JjN2M0YzAiOnsiY3JlYXRlIjoxMjAwMDAwMDAwMDAwLCJkZWxldGUiOjEyMDAwMDAwMDAwMDAsInJlYWQiOjYwMDAwMDAwMDAwMCwidXBkYXRlIjoxMjAwMDAwMDAwMDAwfX0=",
          "dependencies": [
            "google_project.mix_energie_gcp"
          ]
        }
      ]
    },
    {
      "mode": "managed",
      "type": "google_service_account",
      "name": "fastapi_mix_energie",
      "provider": "provider[\"registry.terraform.io/hashicorp/google\"]",
      "instances": [
        {
          "index_key": 0,
          "schema_version": 0,
          "attributes": {
            "account_id": "fastapi-mix-energie",
            "create_ignore_already_exists": null,
            "description": "Service account dedie a l'application FastAPI mix-energie.",
            "disabled": false,
            "display_name": "",
            "email": "fastapi-mix-energie@mix-energie-gcp12.iam.gserviceaccount.com",
            "id": "projects/mix-energie-gcp12/serviceAccounts/fastapi-mix-energie@mix-energie-gcp12.iam.gserviceaccount.com",
            "member": "serviceAccount:fastapi-mix-energie@mix-energie-gcp12.iam.gserviceaccount.com",
            "name": "projects/mix-energie-gcp12/serviceAccounts/fastapi-mix-energie@mix-energie-gcp12.iam.gserviceaccount.com",
            "project": "mix-energie-gcp12",
            "timeouts": null,
            "unique_id": "101967627364521220383"
          },
          "sensitive_attributes": [],
          "identity_schema_version": 0,
          "private": "eyJlMmJmYjczMC1lY2FhLTExZTYtOGY4OC0zNDM2M2JjN2M0YzAiOnsiY3JlYXRlIjozMDAwMDAwMDAwMDB9LCJzY2hlbWFfdmVyc2lvbiI6IjAifQ=="
        }
      ]
    },
    {
      "mode": "managed",
      "type": "google_service_account",
      "name": "mix_energie_bigquery",
      "provider": "provider[\"registry.terraform.io/hashicorp/google\"]",
      "instances": [
        {
          "index_key": 0,
          "schema_version": 0,
          "attributes": {
            "account_id": "bigquery-mix-energie",
            "create_ignore_already_exists": null,
            "description": "Service account pour BigQuery avec droits BigQuery Admin.",
            "disabled": false,
            "display_name": "",
            "email": "bigquery-mix-energie@mix-energie-gcp12.iam.gserviceaccount.com",
            "id": "projects/mix-energie-gcp12/serviceAccounts/bigquery-mix-energie@mix-energie-gcp12.iam.gserviceaccount.com",
            "member": "serviceAccount:bigquery-mix-energie@mix-energie-gcp12.iam.gserviceaccount.com",
            "name": "projects/mix-energie-gcp12/serviceAccounts/bigquery-mix-energie@mix-energie-gcp12.iam.gserviceaccount.com",
            "project": "mix-energie-gcp12",
            "timeouts": null,
            "unique_id": "111482021208492644701"
          },
          "sensitive_attributes": [],
          "identity_schema_version": 0,
          "private": "eyJlMmJmYjczMC1lY2FhLTExZTYtOGY4OC0zNDM2M2JjN2M0YzAiOnsiY3JlYXRlIjozMDAwMDAwMDAwMDB9LCJzY2hlbWFfdmVyc2lvbiI6IjAifQ=="
        }
      ]
    },
    {
      "mode": "managed",
      "type": "google_storage_bucket",
      "name": "mix_energie_bucket",
      "provider": "provider[\"registry.terraform.io/hashicorp/google\"]",
      "instances": [
        {
          "index_key": 0,
          "schema_version": 1,
          "attributes": {
            "autoclass": [],
            "cors": [],
            "custom_placement_config": [],
            "default_event_based_hold": false,
            "effective_labels": {
              "application": "mix-energy",
              "environment": "gcp12",
              "goog-terraform-provisioned": "true",
              "managed_by": "terraform"
            },
            "enable_object_retention": false,
            "encryption": [],
            "force_destroy": false,
            "id": "mix-energie-bucket-gcp12",
            "labels": {},
            "lifecycle_rule": [],
            "location": "EU",
            "logging": [],
            "name": "mix-energie-bucket-gcp12",
            "project": "mix-energie-gcp12",
            "project_number": 822148706203,
            "public_access_prevention": "enforced",
            "requester_pays": false,
            "retention_policy": [],
            "rpo": "DEFAULT",
            "self_link": "https://www.googleapis.com/storage/v1/b/mix-energie-bucket-gcp12",
            "soft_delete_policy": [
              {
                "effective_time": "2026-04-11T15:19:55.195Z",
                "retention_duration_seconds": 604800
              }
            ],
            "storage_class": "STANDARD",
            "terraform_labels": {},
            "timeouts": null,
            "uniform_bucket_level_access": true,
            "url": "gs://mix-energie-bucket-gcp12",
            "versioning": [
              {
                "enabled": true
              }
            ],
            "website": []
          },
          "sensitive_attributes": [],
          "identity_schema_version": 0,
          "private": "eyJlMmJmYjczMC1lY2FhLTExZTYtOGY4OC0zNDM2M2JjN2M0YzAiOnsiY3JlYXRlIjo2MDAwMDAwMDAwMDAsInJlYWQiOjI0MDAwMDAwMDAwMCwidXBkYXRlIjoyNDAwMDAwMDAwMDB9LCJzY2hlbWFfdmVyc2lvbiI6IjEifQ==",
          "dependencies": [
            "google_project.mix_energie_gcp",
            "google_project_service.storage"
          ]
        }
      ]
    }
  ],
  "check_results": null
}
